
Microsoft Visual Studio Solution File, Format Version 12.00
# Visual Studio Version 17
VisualStudioVersion = 17.9.34723.18
MinimumVisualStudioVersion = 10.0.40219.1
Project("{9A19103F-16F7-4668-BE54-9A1E7A4F7556}") = "KPMDotNetCore.ConsoleApp", "KPMDotNetCore.ConsoleApp\KPMDotNetCore.ConsoleApp.csproj", "{5248C021-FAFC-40C6-95F8-A28FFE70C4ED}"
EndProject
Project("{2150E333-8FDC-42A3-9474-1A3956D46DE8}") = "Documents", "Documents", "{008A84A4-531F-46C5-9BBC-4A186D0C752A}"
	ProjectSection(SolutionItems) = preProject
		KPMDotNetCore.sql = KPMDotNetCore.sql
		README.md = README.md
	EndProjectSection
EndProject
Project("{9A19103F-16F7-4668-BE54-9A1E7A4F7556}") = "KPMDotNetCore.RestApi", "KPMDotNetCore.RestApi\KPMDotNetCore.RestApi.csproj", "{4F653A53-D512-4854-91C6-455A3233FD4B}"
EndProject
Project("{9A19103F-16F7-4668-BE54-9A1E7A4F7556}") = "KPMDotNetCore.Shared", "KPMDotNetCore.Shared\KPMDotNetCore.Shared.csproj", "{59B75BB6-386B-442C-B22D-A56A5F4F0F27}"
EndProject
Project("{9A19103F-16F7-4668-BE54-9A1E7A4F7556}") = "KPMDotNetCore.WebApiWithNLayer", "KPMDotNetCore.WebApiWithNLayer\KPMDotNetCore.WebApiWithNLayer.csproj", "{830425CB-6044-4C7D-9E4A-11F68EAA5D49}"
EndProject
Project("{9A19103F-16F7-4668-BE54-9A1E7A4F7556}") = "KPMDotNetCore.ConsoleAppHttpClient", "KPMDotNetCore.ConsoleAppHttpClient\KPMDotNetCore.ConsoleAppHttpClient.csproj", "{D9FA7732-654B-4F64-BA8C-14C01B314C2A}"
EndProject
Project("{FAE04EC0-301F-11D3-BF4B-00C04F79EFBC}") = "KPMDotNetCore.ConsoleAppHttpClientExample", "KPMDotNetCore.ConsoleAppHttpClientExample\KPMDotNetCore.ConsoleAppHttpClientExample.csproj", "{F056BFF7-8924-42D2-A4B5-FC7F50FB7AC4}"
EndProject
Global
	GlobalSection(SolutionConfigurationPlatforms) = preSolution
		Debug|Any CPU = Debug|Any CPU
		Release|Any CPU = Release|Any CPU
	EndGlobalSection
	GlobalSection(ProjectConfigurationPlatforms) = postSolution
		{5248C021-FAFC-40C6-95F8-A28FFE70C4ED}.Debug|Any CPU.ActiveCfg = Debug|Any CPU
		{5248C021-FAFC-40C6-95F8-A28FFE70C4ED}.Debug|Any CPU.Build.0 = Debug|Any CPU
		{5248C021-FAFC-40C6-95F8-A28FFE70C4ED}.Release|Any CPU.ActiveCfg = Release|Any CPU
		{5248C021-FAFC-40C6-95F8-A28FFE70C4ED}.Release|Any CPU.Build.0 = Release|Any CPU
		{4F653A53-D512-4854-91C6-455A3233FD4B}.Debug|Any CPU.ActiveCfg = Debug|Any CPU
		{4F653A53-D512-4854-91C6-455A3233FD4B}.Debug|Any CPU.Build.0 = Debug|Any CPU
		{4F653A53-D512-4854-91C6-455A3233FD4B}.Release|Any CPU.ActiveCfg = Release|Any CPU
		{4F653A53-D512-4854-91C6-455A3233FD4B}.Release|Any CPU.Build.0 = Release|Any CPU
		{59B75BB6-386B-442C-B22D-A56A5F4F0F27}.Debug|Any CPU.ActiveCfg = Debug|Any CPU
		{59B75BB6-386B-442C-B22D-A56A5F4F0F27}.Debug|Any CPU.Build.0 = Debug|Any CPU
		{59B75BB6-386B-442C-B22D-A56A5F4F0F27}.Release|Any CPU.ActiveCfg = Release|Any CPU
		{59B75BB6-386B-442C-B22D-A56A5F4F0F27}.Release|Any CPU.Build.0 = Release|Any CPU
		{830425CB-6044-4C7D-9E4A-11F68EAA5D49}.Debug|Any CPU.ActiveCfg = Debug|Any CPU
		{830425CB-6044-4C7D-9E4A-11F68EAA5D49}.Debug|Any CPU.Build.0 = Debug|Any CPU
		{830425CB-6044-4C7D-9E4A-11F68EAA5D49}.Release|Any CPU.ActiveCfg = Release|Any CPU
		{830425CB-6044-4C7D-9E4A-11F68EAA5D49}.Release|Any CPU.Build.0 = Release|Any CPU
		{D9FA7732-654B-4F64-BA8C-14C01B314C2A}.Debug|Any CPU.ActiveCfg = Debug|Any CPU
		{D9FA7732-654B-4F64-BA8C-14C01B314C2A}.Debug|Any CPU.Build.0 = Debug|Any CPU
		{D9FA7732-654B-4F64-BA8C-14C01B314C2A}.Release|Any CPU.ActiveCfg = Release|Any CPU
		{D9FA7732-654B-4F64-BA8C-14C01B314C2A}.Release|Any CPU.Build.0 = Release|Any CPU
		{F056BFF7-8924-42D2-A4B5-FC7F50FB7AC4}.Debug|Any CPU.ActiveCfg = Debug|Any CPU
		{F056BFF7-8924-42D2-A4B5-FC7F50FB7AC4}.Debug|Any CPU.Build.0 = Debug|Any CPU
		{F056BFF7-8924-42D2-A4B5-FC7F50FB7AC4}.Release|Any CPU.ActiveCfg = Release|Any CPU
		{F056BFF7-8924-42D2-A4B5-FC7F50FB7AC4}.Release|Any CPU.Build.0 = Release|Any CPU
	EndGlobalSection
	GlobalSection(SolutionProperties) = preSolution
		HideSolutionNode = FALSE
	EndGlobalSection
	GlobalSection(ExtensibilityGlobals) = postSolution
		SolutionGuid = {141BFA04-4C54-4DA8-916C-363BB0EE3256}
	EndGlobalSection
EndGlobal
