
Microsoft Visual Studio Solution File, Format Version 12.00
# Visual Studio Version 17
VisualStudioVersion = 17.9.34723.18
MinimumVisualStudioVersion = 10.0.40219.1
Project("{FAE04EC0-301F-11D3-BF4B-00C04F79EFBC}") = "KPMDotNetCore.ConsoleApp", "KPMDotNetCore.ConsoleApp\KPMDotNetCore.ConsoleApp.csproj", "{5248C021-FAFC-40C6-95F8-A28FFE70C4ED}"
EndProject
Global
	GlobalSection(SolutionConfigurationPlatforms) = preSolution
		Debug|Any CPU = Debug|Any CPU
		Release|Any CPU = Release|Any CPU
	EndGlobalSection
	GlobalSection(ProjectConfigurationPlatforms) = postSolution
		{5248C021-FAFC-40C6-95F8-A28FFE70C4ED}.Debug|Any CPU.ActiveCfg = Debug|Any CPU
		{5248C021-FAFC-40C6-95F8-A28FFE70C4ED}.Debug|Any CPU.Build.0 = Debug|Any CPU
		{5248C021-FAFC-40C6-95F8-A28FFE70C4ED}.Release|Any CPU.ActiveCfg = Release|Any CPU
		{5248C021-FAFC-40C6-95F8-A28FFE70C4ED}.Release|Any CPU.Build.0 = Release|Any CPU
	EndGlobalSection
	GlobalSection(SolutionProperties) = preSolution
		HideSolutionNode = FALSE
	EndGlobalSection
	GlobalSection(ExtensibilityGlobals) = postSolution
		SolutionGuid = {141BFA04-4C54-4DA8-916C-363BB0EE3256}
	EndGlobalSection
EndGlobal
